PODS:
  - Alamofire (5.1.0)
  - AlamofireImage (4.1.0):
    - Alamofire (~> 5.1)
  - GoogleMaps (3.8.2):
    - GoogleMaps/Maps (= 3.8.2)
  - GoogleMaps/Base (3.8.2)
  - GoogleMaps/Maps (3.8.2):
    - GoogleMaps/Base
  - GooglePlaces (3.8.2):
    - GoogleMaps/Base (= 3.8.2)

DEPENDENCIES:
  - Alamofire
  - AlamofireImage
  - GoogleMaps
  - GooglePlaces

SPEC REPOS:
  trunk:
    - Alamofire
    - AlamofireImage
    - GoogleMaps
    - GooglePlaces

SPEC CHECKSUMS:
  Alamofire: 9d5c5f602928e512395b30950c5984eca840093c
  AlamofireImage: c4a2ba349885fb3064feb74d2e547bd42ce9be10
  GoogleMaps: ae0efe10e9c40bcd9decd0c9fd53d947af7801a3
  GooglePlaces: 8baf0c60e318431ca3c1b022f2745a23b104caca

PODFILE CHECKSUM: a154b410d270b842921101a8c0a42b16c4d41719

COCOAPODS: 1.9.1
